
Microsoft Visual Studio Solution File, Format Version 12.00
# Visual Studio Version 16
VisualStudioVersion = 16.0.32802.440
MinimumVisualStudioVersion = 10.0.40219.1
Project("{FAE04EC0-301F-11D3-BF4B-00C04F79EFBC}") = "Demo_MultiDelegates", "Demo_MultiDelegates\Demo_MultiDelegates.csproj", "{B14C9868-B92D-410B-A30A-0E7A48A82013}"
EndProject
Global
	GlobalSection(SolutionConfigurationPlatforms) = preSolution
		Debug|Any CPU = Debug|Any CPU
		Release|Any CPU = Release|Any CPU
	EndGlobalSection
	GlobalSection(ProjectConfigurationPlatforms) = postSolution
		{B14C9868-B92D-410B-A30A-0E7A48A82013}.Debug|Any CPU.ActiveCfg = Debug|Any CPU
		{B14C9868-B92D-410B-A30A-0E7A48A82013}.Debug|Any CPU.Build.0 = Debug|Any CPU
		{B14C9868-B92D-410B-A30A-0E7A48A82013}.Release|Any CPU.ActiveCfg = Release|Any CPU
		{B14C9868-B92D-410B-A30A-0E7A48A82013}.Release|Any CPU.Build.0 = Release|Any CPU
	EndGlobalSection
	GlobalSection(SolutionProperties) = preSolution
		HideSolutionNode = FALSE
	EndGlobalSection
	GlobalSection(ExtensibilityGlobals) = postSolution
		SolutionGuid = {1983C005-FBBF-4377-B122-5487E6904167}
	EndGlobalSection
EndGlobal
